{
  "originHash" : "54c6bb022a7b0d37e3267301dee8d9fa32e3920463d379ba86f9407ef2bc785c",
  "pins" : [
    {
      "identity" : "voidutilities",
      "kind" : "remoteSourceControl",
      "location" : "https://github.com/studio-void/VoidUtilities",
      "state" : {
        "revision" : "3c32a49e7b878df6b2b5ab6fdf40a5569cd71822",
        "version" : "1.1.1"
      }
    }
  ],
  "version" : 3
}
